github.com/PaulSonOfLars/gotgbot/v2 v2.0.0-rc.36 h1:OCI373QkuzXNOoaUBNEwh4uxaaPOfSFYn3ck7WlrqMI=
github.com/PaulSonOfLars/gotgbot/v2 v2.0.0-rc.36/go.mod h1:yrKnA/812p/Vh84TYQMz36/8SNLF7OOdTmKFr5i7W7g=
github.com/google/uuid v1.6.0 h1:NIvaJDMOsjHA8n1jAhLSgzrAzy1Hgr+hNrb57e+94F0=
github.com/google/uuid v1.6.0/go.mod h1:TIyPZe4MgqvfeYDBFedMoGGpEw/LqOeaOT+nhxU+yHo=
github.com/pelletier/go-toml/v2 v2.4.3 h1:GTRvJQutkOSftxIFD5xw9aepkYNuPWmVJpffdDPYVpY=
github.com/pelletier/go-toml/v2 v2.4.3/go.mod h1:2gIqNv+qfxSVS7cM2xJQKtLSTLUE9V8t9Stt+h56mCY=
